
Microsoft Visual Studio Solution File, Format Version 12.00
# Visual Studio Version 17
VisualStudioVersion = 17.1.32210.238
MinimumVisualStudioVersion = 10.0.40219.1
Project("{FAE04EC0-301F-11D3-BF4B-00C04F79EFBC}") = "MySecondDayAPP", "MySecondDayAPP\MySecondDayAPP.csproj", "{A6A46238-117D-4F2A-9A70-771354F1617B}"
EndProject
Global
	GlobalSection(SolutionConfigurationPlatforms) = preSolution
		Debug|Any CPU = Debug|Any CPU
		Release|Any CPU = Release|Any CPU
	EndGlobalSection
	GlobalSection(ProjectConfigurationPlatforms) = postSolution
		{A6A46238-117D-4F2A-9A70-771354F1617B}.Debug|Any CPU.ActiveCfg = Debug|Any CPU
		{A6A46238-117D-4F2A-9A70-771354F1617B}.Debug|Any CPU.Build.0 = Debug|Any CPU
		{A6A46238-117D-4F2A-9A70-771354F1617B}.Release|Any CPU.ActiveCfg = Release|Any CPU
		{A6A46238-117D-4F2A-9A70-771354F1617B}.Release|Any CPU.Build.0 = Release|Any CPU
	EndGlobalSection
	GlobalSection(SolutionProperties) = preSolution
		HideSolutionNode = FALSE
	EndGlobalSection
	GlobalSection(ExtensibilityGlobals) = postSolution
		SolutionGuid = {A20EF63D-9BFE-4360-96CB-654177764839}
	EndGlobalSection
EndGlobal
